
Microsoft Visual Studio Solution File, Format Version 12.00
# Visual Studio Version 17
VisualStudioVersion = 17.10.35027.167
MinimumVisualStudioVersion = 10.0.40219.1
Project("{9A19103F-16F7-4668-BE54-9A1E7A4F7556}") = "WPFGnatAuditer", "WPFGnatAuditer.csproj", "{F97544C3-1628-4A58-BB5A-BA9B4BF90D4F}"
EndProject
Global
	GlobalSection(SolutionConfigurationPlatforms) = preSolution
		Debug|Any CPU = Debug|Any CPU
		Debug|x64 = Debug|x64
		Release|Any CPU = Release|Any CPU
		Release|x64 = Release|x64
		Release-Final|Any CPU = Release-Final|Any CPU
		Release-Final|x64 = Release-Final|x64
	EndGlobalSection
	GlobalSection(ProjectConfigurationPlatforms) = postSolution
		{F97544C3-1628-4A58-BB5A-BA9B4BF90D4F}.Debug|Any CPU.ActiveCfg = Debug|Any CPU
		{F97544C3-1628-4A58-BB5A-BA9B4BF90D4F}.Debug|Any CPU.Build.0 = Debug|Any CPU
		{F97544C3-1628-4A58-BB5A-BA9B4BF90D4F}.Debug|x64.ActiveCfg = Debug|x64
		{F97544C3-1628-4A58-BB5A-BA9B4BF90D4F}.Debug|x64.Build.0 = Debug|x64
		{F97544C3-1628-4A58-BB5A-BA9B4BF90D4F}.Release|Any CPU.ActiveCfg = Release|Any CPU
		{F97544C3-1628-4A58-BB5A-BA9B4BF90D4F}.Release|Any CPU.Build.0 = Release|Any CPU
		{F97544C3-1628-4A58-BB5A-BA9B4BF90D4F}.Release|x64.ActiveCfg = Release|x64
		{F97544C3-1628-4A58-BB5A-BA9B4BF90D4F}.Release|x64.Build.0 = Release|x64
		{F97544C3-1628-4A58-BB5A-BA9B4BF90D4F}.Release-Final|Any CPU.ActiveCfg = Release-Final|Any CPU
		{F97544C3-1628-4A58-BB5A-BA9B4BF90D4F}.Release-Final|Any CPU.Build.0 = Release-Final|Any CPU
		{F97544C3-1628-4A58-BB5A-BA9B4BF90D4F}.Release-Final|x64.ActiveCfg = Release-Final|x64
		{F97544C3-1628-4A58-BB5A-BA9B4BF90D4F}.Release-Final|x64.Build.0 = Release-Final|x64
	EndGlobalSection
	GlobalSection(SolutionProperties) = preSolution
		HideSolutionNode = FALSE
	EndGlobalSection
	GlobalSection(ExtensibilityGlobals) = postSolution
		SolutionGuid = {0615FB81-962B-4A42-80C2-74CC36971C1F}
	EndGlobalSection
EndGlobal
